
Microsoft Visual Studio Solution File, Format Version 12.00
# Visual Studio Version 17
VisualStudioVersion = 17.12.35521.163
MinimumVisualStudioVersion = 10.0.40219.1
Project("{FAE04EC0-301F-11D3-BF4B-00C04F79EFBC}") = "CleanArchitecture.API", "CleanArchitecture\CleanArchitecture.API.csproj", "{30C56476-7E61-4B46-A029-3427532D8F96}"
EndProject
Project("{FAE04EC0-301F-11D3-BF4B-00C04F79EFBC}") = "CleanArchitecture.Application", "CleanArchitecture.Application\CleanArchitecture.Application.csproj", "{21A2A769-009E-4622-A01D-58F6ED1F5381}"
EndProject
Project("{FAE04EC0-301F-11D3-BF4B-00C04F79EFBC}") = "CleanArchitecture.Domain", "CleanArchitecture.Domain\CleanArchitecture.Domain.csproj", "{33A7CDB2-AEF1-445C-A5E3-FB71D386C41C}"
EndProject
Project("{FAE04EC0-301F-11D3-BF4B-00C04F79EFBC}") = "CleanArchitecture.Infrastructure", "CleanArchitecture.Infrastructure\CleanArchitecture.Infrastructure.csproj", "{4263F799-21B9-45AA-BDBE-FC9A1BC9E62D}"
EndProject
Project("{FAE04EC0-301F-11D3-BF4B-00C04F79EFBC}") = "CleanArchitecture.Test", "CleanArchitecture.Test\CleanArchitecture.Test.csproj", "{C79A85FB-E39E-47FD-9DF0-4D54856719E2}"
	ProjectSection(ProjectDependencies) = postProject
		{21A2A769-009E-4622-A01D-58F6ED1F5381} = {21A2A769-009E-4622-A01D-58F6ED1F5381}
		{30C56476-7E61-4B46-A029-3427532D8F96} = {30C56476-7E61-4B46-A029-3427532D8F96}
		{4263F799-21B9-45AA-BDBE-FC9A1BC9E62D} = {4263F799-21B9-45AA-BDBE-FC9A1BC9E62D}
	EndProjectSection
EndProject
Global
	GlobalSection(SolutionConfigurationPlatforms) = preSolution
		Debug|Any CPU = Debug|Any CPU
		Release|Any CPU = Release|Any CPU
	EndGlobalSection
	GlobalSection(ProjectConfigurationPlatforms) = postSolution
		{30C56476-7E61-4B46-A029-3427532D8F96}.Debug|Any CPU.ActiveCfg = Debug|Any CPU
		{30C56476-7E61-4B46-A029-3427532D8F96}.Debug|Any CPU.Build.0 = Debug|Any CPU
		{30C56476-7E61-4B46-A029-3427532D8F96}.Release|Any CPU.ActiveCfg = Release|Any CPU
		{30C56476-7E61-4B46-A029-3427532D8F96}.Release|Any CPU.Build.0 = Release|Any CPU
		{21A2A769-009E-4622-A01D-58F6ED1F5381}.Debug|Any CPU.ActiveCfg = Debug|Any CPU
		{21A2A769-009E-4622-A01D-58F6ED1F5381}.Debug|Any CPU.Build.0 = Debug|Any CPU
		{21A2A769-009E-4622-A01D-58F6ED1F5381}.Release|Any CPU.ActiveCfg = Release|Any CPU
		{21A2A769-009E-4622-A01D-58F6ED1F5381}.Release|Any CPU.Build.0 = Release|Any CPU
		{33A7CDB2-AEF1-445C-A5E3-FB71D386C41C}.Debug|Any CPU.ActiveCfg = Debug|Any CPU
		{33A7CDB2-AEF1-445C-A5E3-FB71D386C41C}.Debug|Any CPU.Build.0 = Debug|Any CPU
		{33A7CDB2-AEF1-445C-A5E3-FB71D386C41C}.Release|Any CPU.ActiveCfg = Release|Any CPU
		{33A7CDB2-AEF1-445C-A5E3-FB71D386C41C}.Release|Any CPU.Build.0 = Release|Any CPU
		{4263F799-21B9-45AA-BDBE-FC9A1BC9E62D}.Debug|Any CPU.ActiveCfg = Debug|Any CPU
		{4263F799-21B9-45AA-BDBE-FC9A1BC9E62D}.Debug|Any CPU.Build.0 = Debug|Any CPU
		{4263F799-21B9-45AA-BDBE-FC9A1BC9E62D}.Release|Any CPU.ActiveCfg = Release|Any CPU
		{4263F799-21B9-45AA-BDBE-FC9A1BC9E62D}.Release|Any CPU.Build.0 = Release|Any CPU
		{C79A85FB-E39E-47FD-9DF0-4D54856719E2}.Debug|Any CPU.ActiveCfg = Debug|Any CPU
		{C79A85FB-E39E-47FD-9DF0-4D54856719E2}.Debug|Any CPU.Build.0 = Debug|Any CPU
		{C79A85FB-E39E-47FD-9DF0-4D54856719E2}.Release|Any CPU.ActiveCfg = Release|Any CPU
		{C79A85FB-E39E-47FD-9DF0-4D54856719E2}.Release|Any CPU.Build.0 = Release|Any CPU
	EndGlobalSection
	GlobalSection(SolutionProperties) = preSolution
		HideSolutionNode = FALSE
	EndGlobalSection
EndGlobal
